
Microsoft Visual Studio Solution File, Format Version 12.00
# Visual Studio Version 17
VisualStudioVersion = 17.3.32819.101
MinimumVisualStudioVersion = 10.0.40219.1
Project("{888888A0-9F3D-457C-B088-3A5042F75D52}") = "kap 1-3 uppgift 2", "kap 1-3 uppgift 2\kap 1-3 uppgift 2.pyproj", "{2066C11E-D94A-4A17-9583-DC88C2A29A50}"
EndProject
Global
	GlobalSection(SolutionConfigurationPlatforms) = preSolution
		Debug|Any CPU = Debug|Any CPU
		Release|Any CPU = Release|Any CPU
	EndGlobalSection
	GlobalSection(ProjectConfigurationPlatforms) = postSolution
		{2066C11E-D94A-4A17-9583-DC88C2A29A50}.Debug|Any CPU.ActiveCfg = Debug|Any CPU
		{2066C11E-D94A-4A17-9583-DC88C2A29A50}.Release|Any CPU.ActiveCfg = Release|Any CPU
	EndGlobalSection
	GlobalSection(SolutionProperties) = preSolution
		HideSolutionNode = FALSE
	EndGlobalSection
	GlobalSection(ExtensibilityGlobals) = postSolution
		SolutionGuid = {4A2B03D8-5583-44DC-85B6-13E762B2D8E7}
	EndGlobalSection
EndGlobal
